
Microsoft Visual Studio Solution File, Format Version 12.00
# Visual Studio 2013
VisualStudioVersion = 12.0.21005.1
MinimumVisualStudioVersion = 10.0.40219.1
Project("{FAE04EC0-301F-11D3-BF4B-00C04F79EFBC}") = "IntranetGLM2013", "IntranetGLM2013\IntranetGLM2013.csproj", "{6B6933E8-E321-4D24-BD20-48ACA5687DA0}"
EndProject
Project("{FAE04EC0-301F-11D3-BF4B-00C04F79EFBC}") = "IntranetGLM2013.Tests", "IntranetGLM2013.Tests\IntranetGLM2013.Tests.csproj", "{5D6BBA28-1F8F-427B-8DF1-867BD9807F5E}"
EndProject
Global
	GlobalSection(TeamFoundationVersionControl) = preSolution
		SccNumberOfProjects = 3
		SccEnterpriseProvider = {4CA58AB2-18FA-4F8D-95D4-32DDF27D184C}
		SccTeamFoundationServer = https://glmeed.visualstudio.com/defaultcollection
		SccLocalPath0 = .
		SccProjectUniqueName1 = IntranetGLM2013.Tests\\IntranetGLM2013.Tests.csproj
		SccProjectName1 = IntranetGLM2013.Tests
		SccLocalPath1 = IntranetGLM2013.Tests
		SccProjectUniqueName2 = IntranetGLM2013\\IntranetGLM2013.csproj
		SccProjectName2 = IntranetGLM2013
		SccLocalPath2 = IntranetGLM2013
	EndGlobalSection
	GlobalSection(SolutionConfigurationPlatforms) = preSolution
		Debug|Any CPU = Debug|Any CPU
		Release|Any CPU = Release|Any CPU
	EndGlobalSection
	GlobalSection(ProjectConfigurationPlatforms) = postSolution
		{6B6933E8-E321-4D24-BD20-48ACA5687DA0}.Debug|Any CPU.ActiveCfg = Debug|Any CPU
		{6B6933E8-E321-4D24-BD20-48ACA5687DA0}.Debug|Any CPU.Build.0 = Debug|Any CPU
		{6B6933E8-E321-4D24-BD20-48ACA5687DA0}.Release|Any CPU.ActiveCfg = Release|Any CPU
		{6B6933E8-E321-4D24-BD20-48ACA5687DA0}.Release|Any CPU.Build.0 = Release|Any CPU
		{5D6BBA28-1F8F-427B-8DF1-867BD9807F5E}.Debug|Any CPU.ActiveCfg = Debug|Any CPU
		{5D6BBA28-1F8F-427B-8DF1-867BD9807F5E}.Debug|Any CPU.Build.0 = Debug|Any CPU
		{5D6BBA28-1F8F-427B-8DF1-867BD9807F5E}.Release|Any CPU.ActiveCfg = Release|Any CPU
		{5D6BBA28-1F8F-427B-8DF1-867BD9807F5E}.Release|Any CPU.Build.0 = Release|Any CPU
	EndGlobalSection
	GlobalSection(SolutionProperties) = preSolution
		HideSolutionNode = FALSE
	EndGlobalSection
EndGlobal
